// !$*UTF8*$!
{
	archiveVersion = 1;
	classes = {
	};
	objectVersion = 46;
	objects = {

/* Begin PBXBuildFile section */
		465363BA1E08329B00A05AA8 /* DiscoveryViewController.swift in Sources */ = {isa = PBXBuildFile; fileRef = 465363B91E08329B00A05AA8 /* DiscoveryViewController.swift */; };
		465363BC1E08336F00A05AA8 /* BridgeViewController.swift in Sources */ = {isa = PBXBuildFile; fileRef = 465363BB1E08336F00A05AA8 /* BridgeViewController.swift */; };
		465363BE1E08465700A05AA8 /* LightViewController.swift in Sources */ = {isa = PBXBuildFile; fileRef = 465363BD1E08465700A05AA8 /* LightViewController.swift */; };
		46EB44251E03E23F009A4CC4 /* AppDelegate.swift in Sources */ = {isa = PBXBuildFile; fileRef = 46EB44241E03E23F009A4CC4 /* AppDelegate.swift */; };
		46EB442A1E03E23F009A4CC4 /* Main.storyboard in Resources */ = {isa = PBXBuildFile; fileRef = 46EB44281E03E23F009A4CC4 /* Main.storyboard */; };
		46EB442C1E03E23F009A4CC4 /* Assets.xcassets in Resources */ = {isa = PBXBuildFile; fileRef = 46EB442B1E03E23F009A4CC4 /* Assets.xcassets */; };
		46EB442F1E03E23F009A4CC4 /* LaunchScreen.storyboard in Resources */ = {isa = PBXBuildFile; fileRef = 46EB442D1E03E23F009A4CC4 /* LaunchScreen.storyboard */; };
		DF8D34B5093F11A57A2B5074 /* Pods_PhilipsHueDemo.framework in Frameworks */ = {isa = PBXBuildFile; fileRef = 520EA7146C891D3370B76109 /* Pods_PhilipsHueDemo.framework */; };
/* End PBXBuildFile section */

/* Begin PBXFileReference section */
		443E4D3881F0E1FBC8282629 /* Pods-PhilipsHueDemo.debug.xcconfig */ = {isa = PBXFileReference; includeInIndex = 1; lastKnownFileType = text.xcconfig; name = "Pods-PhilipsHueDemo.debug.xcconfig"; path = "Pods/Target Support Files/Pods-PhilipsHueDemo/Pods-PhilipsHueDemo.debug.xcconfig"; sourceTree = "<group>"; };
		465363B91E08329B00A05AA8 /* DiscoveryViewController.swift */ = {isa = PBXFileReference; fileEncoding = 4; lastKnownFileType = sourcecode.swift; path = DiscoveryViewController.swift; sourceTree = "<group>"; };
		465363BB1E08336F00A05AA8 /* BridgeViewController.swift */ = {isa = PBXFileReference; fileEncoding = 4; lastKnownFileType = sourcecode.swift; path = BridgeViewController.swift; sourceTree = "<group>"; };
		465363BD1E08465700A05AA8 /* LightViewController.swift */ = {isa = PBXFileReference; fileEncoding = 4; lastKnownFileType = sourcecode.swift; path = LightViewController.swift; sourceTree = "<group>"; };
		467511D11E0A917B0083E7C9 /* PhilipsHueResult.swift */ = {isa = PBXFileReference; fileEncoding = 4; lastKnownFileType = sourcecode.swift; path = PhilipsHueResult.swift; sourceTree = "<group>"; };
		467511D31E0AB6500083E7C9 /* Math.swift */ = {isa = PBXFileReference; fileEncoding = 4; lastKnownFileType = sourcecode.swift; path = Math.swift; sourceTree = "<group>"; };
		467511D71E0B07600083E7C9 /* AsynchronousOperation.swift */ = {isa = PBXFileReference; fileEncoding = 4; lastKnownFileType = sourcecode.swift; path = AsynchronousOperation.swift; sourceTree = "<group>"; };
		469F28961E03F1150087A791 /* PhilipsHueBridge.swift */ = {isa = PBXFileReference; fileEncoding = 4; lastKnownFileType = sourcecode.swift; path = PhilipsHueBridge.swift; sourceTree = "<group>"; };
		469F289C1E0427050087A791 /* PhilipsHueGroup.swift */ = {isa = PBXFileReference; fileEncoding = 4; lastKnownFileType = sourcecode.swift; path = PhilipsHueGroup.swift; sourceTree = "<group>"; };
		469F289E1E044DD20087A791 /* PhilipsHueLight.swift */ = {isa = PBXFileReference; fileEncoding = 4; lastKnownFileType = sourcecode.swift; path = PhilipsHueLight.swift; sourceTree = "<group>"; };
		46EB44211E03E23F009A4CC4 /* PhilipsHueDemo.app */ = {isa = PBXFileReference; explicitFileType = wrapper.application; includeInIndex = 0; path = PhilipsHueDemo.app; sourceTree = BUILT_PRODUCTS_DIR; };
		46EB44241E03E23F009A4CC4 /* AppDelegate.swift */ = {isa = PBXFileReference; lastKnownFileType = sourcecode.swift; path = AppDelegate.swift; sourceTree = "<group>"; };
		46EB44291E03E23F009A4CC4 /* Base */ = {isa = PBXFileReference; lastKnownFileType = file.storyboard; name = Base; path = Base.lproj/Main.storyboard; sourceTree = "<group>"; };
		46EB442B1E03E23F009A4CC4 /* Assets.xcassets */ = {isa = PBXFileReference; lastKnownFileType = folder.assetcatalog; path = Assets.xcassets; sourceTree = "<group>"; };
		46EB442E1E03E23F009A4CC4 /* Base */ = {isa = PBXFileReference; lastKnownFileType = file.storyboard; name = Base; path = Base.lproj/LaunchScreen.storyboard; sourceTree = "<group>"; };
		46EB44301E03E23F009A4CC4 /* Info.plist */ = {isa = PBXFileReference; lastKnownFileType = text.plist.xml; path = Info.plist; sourceTree = "<group>"; };
		520EA7146C891D3370B76109 /* Pods_PhilipsHueDemo.framework */ = {isa = PBXFileReference; explicitFileType = wrapper.framework; includeInIndex = 0; path = Pods_PhilipsHueDemo.framework; sourceTree = BUILT_PRODUCTS_DIR; };
		F834DD8CC31677DB36A1FB88 /* Pods-PhilipsHueDemo.release.xcconfig */ = {isa = PBXFileReference; includeInIndex = 1; lastKnownFileType = text.xcconfig; name = "Pods-PhilipsHueDemo.release.xcconfig"; path = "Pods/Target Support Files/Pods-PhilipsHueDemo/Pods-PhilipsHueDemo.release.xcconfig"; sourceTree = "<group>"; };
/* End PBXFileReference section */

/* Begin PBXFrameworksBuildPhase section */
		46EB441E1E03E23F009A4CC4 /* Frameworks */ = {
			isa = PBXFrameworksBuildPhase;
			buildActionMask = 2147483647;
			files = (
				DF8D34B5093F11A57A2B5074 /* Pods_PhilipsHueDemo.framework in Frameworks */,
			);
			runOnlyForDeploymentPostprocessing = 0;
		};
/* End PBXFrameworksBuildPhase section */

/* Begin PBXGroup section */
		469F28951E03EA190087A791 /* PhilipsHue */ = {
			isa = PBXGroup;
			children = (
				467511D71E0B07600083E7C9 /* AsynchronousOperation.swift */,
				467511D31E0AB6500083E7C9 /* Math.swift */,
				469F28961E03F1150087A791 /* PhilipsHueBridge.swift */,
				469F289C1E0427050087A791 /* PhilipsHueGroup.swift */,
				469F289E1E044DD20087A791 /* PhilipsHueLight.swift */,
				467511D11E0A917B0083E7C9 /* PhilipsHueResult.swift */,
			);
			path = PhilipsHue;
			sourceTree = "<group>";
		};
		46EB44181E03E23F009A4CC4 = {
			isa = PBXGroup;
			children = (
				469F28951E03EA190087A791 /* PhilipsHue */,
				46EB44231E03E23F009A4CC4 /* PhilipsHueDemo */,
				46EB44221E03E23F009A4CC4 /* Products */,
				E27CCD0F0A314A40C0EBA82C /* Pods */,
				A175F4F3F0874578E9CC94BC /* Frameworks */,
			);
			sourceTree = "<group>";
		};
		46EB44221E03E23F009A4CC4 /* Products */ = {
			isa = PBXGroup;
			children = (
				46EB44211E03E23F009A4CC4 /* PhilipsHueDemo.app */,
			);
			name = Products;
			sourceTree = "<group>";
		};
		46EB44231E03E23F009A4CC4 /* PhilipsHueDemo */ = {
			isa = PBXGroup;
			children = (
				46EB44241E03E23F009A4CC4 /* AppDelegate.swift */,
				465363BB1E08336F00A05AA8 /* BridgeViewController.swift */,
				465363B91E08329B00A05AA8 /* DiscoveryViewController.swift */,
				465363BD1E08465700A05AA8 /* LightViewController.swift */,
				46EB44281E03E23F009A4CC4 /* Main.storyboard */,
				46EB442B1E03E23F009A4CC4 /* Assets.xcassets */,
				46EB442D1E03E23F009A4CC4 /* LaunchScreen.storyboard */,
				46EB44301E03E23F009A4CC4 /* Info.plist */,
			);
			path = PhilipsHueDemo;
			sourceTree = "<group>";
		};
		A175F4F3F0874578E9CC94BC /* Frameworks */ = {
			isa = PBXGroup;
			children = (
				520EA7146C891D3370B76109 /* Pods_PhilipsHueDemo.framework */,
			);
			name = Frameworks;
			sourceTree = "<group>";
		};
		E27CCD0F0A314A40C0EBA82C /* Pods */ = {
			isa = PBXGroup;
			children = (
				443E4D3881F0E1FBC8282629 /* Pods-PhilipsHueDemo.debug.xcconfig */,
				F834DD8CC31677DB36A1FB88 /* Pods-PhilipsHueDemo.release.xcconfig */,
			);
			name = Pods;
			sourceTree = "<group>";
		};
/* End PBXGroup section */

/* Begin PBXNativeTarget section */
		46EB44201E03E23F009A4CC4 /* PhilipsHueDemo */ = {
			isa = PBXNativeTarget;
			buildConfigurationList = 46EB44331E03E23F009A4CC4 /* Build configuration list for PBXNativeTarget "PhilipsHueDemo" */;
			buildPhases = (
				B74D0103184DC179D8DBB899 /* [CP] Check Pods Manifest.lock */,
				46EB441D1E03E23F009A4CC4 /* Sources */,
				46EB441E1E03E23F009A4CC4 /* Frameworks */,
				46EB441F1E03E23F009A4CC4 /* Resources */,
				5B6578A50E8CD2EC89CDD85B /* [CP] Embed Pods Frameworks */,
				2D28FF6BF7A9C702C76BAAEF /* [CP] Copy Pods Resources */,
			);
			buildRules = (
			);
			dependencies = (
			);
			name = PhilipsHueDemo;
			productName = PhilipsHueDemo;
			productReference = 46EB44211E03E23F009A4CC4 /* PhilipsHueDemo.app */;
			productType = "com.apple.product-type.application";
		};
/* End PBXNativeTarget section */

/* Begin PBXProject section */
		46EB44191E03E23F009A4CC4 /* Project object */ = {
			isa = PBXProject;
			attributes = {
				LastSwiftUpdateCheck = 0810;
				LastUpgradeCheck = 0810;
				ORGANIZATIONNAME = senic;
				TargetAttributes = {
					46EB44201E03E23F009A4CC4 = {
						CreatedOnToolsVersion = 8.1;
						DevelopmentTeam = 326587HQT3;
						ProvisioningStyle = Automatic;
					};
				};
			};
			buildConfigurationList = 46EB441C1E03E23F009A4CC4 /* Build configuration list for PBXProject "PhilipsHueDemo" */;
			compatibilityVersion = "Xcode 3.2";
			developmentRegion = English;
			hasScannedForEncodings = 0;
			knownRegions = (
				en,
				Base,
			);
			mainGroup = 46EB44181E03E23F009A4CC4;
			productRefGroup = 46EB44221E03E23F009A4CC4 /* Products */;
			projectDirPath = "";
			projectRoot = "";
			targets = (
				46EB44201E03E23F009A4CC4 /* PhilipsHueDemo */,
			);
		};
/* End PBXProject section */

/* Begin PBXResourcesBuildPhase section */
		46EB441F1E03E23F009A4CC4 /* Resources */ = {
			isa = PBXResourcesBuildPhase;
			buildActionMask = 2147483647;
			files = (
				46EB442F1E03E23F009A4CC4 /* LaunchScreen.storyboard in Resources */,
				46EB442C1E03E23F009A4CC4 /* Assets.xcassets in Resources */,
				46EB442A1E03E23F009A4CC4 /* Main.storyboard in Resources */,
			);
			runOnlyForDeploymentPostprocessing = 0;
		};
/* End PBXResourcesBuildPhase section */

/* Begin PBXShellScriptBuildPhase section */
		2D28FF6BF7A9C702C76BAAEF /* [CP] Copy Pods Resources */ = {
			isa = PBXShellScriptBuildPhase;
			buildActionMask = 2147483647;
			files = (
			);
			inputPaths = (
			);
			name = "[CP] Copy Pods Resources";
			outputPaths = (
			);
			runOnlyForDeploymentPostprocessing = 0;
			shellPath = /bin/sh;
			shellScript = "\"${SRCROOT}/Pods/Target Support Files/Pods-PhilipsHueDemo/Pods-PhilipsHueDemo-resources.sh\"\n";
			showEnvVarsInLog = 0;
		};
		5B6578A50E8CD2EC89CDD85B /* [CP] Embed Pods Frameworks */ = {
			isa = PBXShellScriptBuildPhase;
			buildActionMask = 2147483647;
			files = (
			);
			inputPaths = (
			);
			name = "[CP] Embed Pods Frameworks";
			outputPaths = (
			);
			runOnlyForDeploymentPostprocessing = 0;
			shellPath = /bin/sh;
			shellScript = "\"${SRCROOT}/Pods/Target Support Files/Pods-PhilipsHueDemo/Pods-PhilipsHueDemo-frameworks.sh\"\n";
			showEnvVarsInLog = 0;
		};
		B74D0103184DC179D8DBB899 /* [CP] Check Pods Manifest.lock */ = {
			isa = PBXShellScriptBuildPhase;
			buildActionMask = 2147483647;
			files = (
			);
			inputPaths = (
			);
			name = "[CP] Check Pods Manifest.lock";
			outputPaths = (
			);
			runOnlyForDeploymentPostprocessing = 0;
			shellPath = /bin/sh;
			shellScript = "diff \"${PODS_ROOT}/../Podfile.lock\" \"${PODS_ROOT}/Manifest.lock\" > /dev/null\nif [ $? != 0 ] ; then\n    # print error to STDERR\n    echo \"error: The sandbox is not in sync with the Podfile.lock. Run 'pod install' or update your CocoaPods installation.\" >&2\n    exit 1\nfi\n";
			showEnvVarsInLog = 0;
		};
/* End PBXShellScriptBuildPhase section */

/* Begin PBXSourcesBuildPhase section */
		46EB441D1E03E23F009A4CC4 /* Sources */ = {
			isa = PBXSourcesBuildPhase;
			buildActionMask = 2147483647;
			files = (
				465363BA1E08329B00A05AA8 /* DiscoveryViewController.swift in Sources */,
				465363BE1E08465700A05AA8 /* LightViewController.swift in Sources */,
				46EB44251E03E23F009A4CC4 /* AppDelegate.swift in Sources */,
				465363BC1E08336F00A05AA8 /* BridgeViewController.swift in Sources */,
			);
			runOnlyForDeploymentPostprocessing = 0;
		};
/* End PBXSourcesBuildPhase section */

/* Begin PBXVariantGroup section */
		46EB44281E03E23F009A4CC4 /* Main.storyboard */ = {
			isa = PBXVariantGroup;
			children = (
				46EB44291E03E23F009A4CC4 /* Base */,
			);
			name = Main.storyboard;
			sourceTree = "<group>";
		};
		46EB442D1E03E23F009A4CC4 /* LaunchScreen.storyboard */ = {
			isa = PBXVariantGroup;
			children = (
				46EB442E1E03E23F009A4CC4 /* Base */,
			);
			name = LaunchScreen.storyboard;
			sourceTree = "<group>";
		};
/* End PBXVariantGroup section */

/* Begin XCBuildConfiguration section */
		46EB44311E03E23F009A4CC4 /* Debug */ = {
			isa = XCBuildConfiguration;
			buildSettings = {
				ALWAYS_SEARCH_USER_PATHS = NO;
				CLANG_ANALYZER_NONNULL = YES;
				CLANG_CXX_LANGUAGE_STANDARD = "gnu++0x";
				CLANG_CXX_LIBRARY = "libc++";
				CLANG_ENABLE_MODULES = YES;
				CLANG_ENABLE_OBJC_ARC = YES;
				CLANG_WARN_BOOL_CONVERSION = YES;
				CLANG_WARN_CONSTANT_CONVERSION = YES;
				CLANG_WARN_DIRECT_OBJC_ISA_USAGE = YES_ERROR;
				CLANG_WARN_DOCUMENTATION_COMMENTS = YES;
				CLANG_WARN_EMPTY_BODY = YES;
				CLANG_WARN_ENUM_CONVERSION = YES;
				CLANG_WARN_INFINITE_RECURSION = YES;
				CLANG_WARN_INT_CONVERSION = YES;
				CLANG_WARN_OBJC_ROOT_CLASS = YES_ERROR;
				CLANG_WARN_SUSPICIOUS_MOVES = YES;
				CLANG_WARN_UNREACHABLE_CODE = YES;
				CLANG_WARN__DUPLICATE_METHOD_MATCH = YES;
				"CODE_SIGN_IDENTITY[sdk=iphoneos*]" = "iPhone Developer";
				COPY_PHASE_STRIP = NO;
				DEBUG_INFORMATION_FORMAT = dwarf;
				ENABLE_STRICT_OBJC_MSGSEND = YES;
				ENABLE_TESTABILITY = YES;
				GCC_C_LANGUAGE_STANDARD = gnu99;
				GCC_DYNAMIC_NO_PIC = NO;
				GCC_NO_COMMON_BLOCKS = YES;
				GCC_OPTIMIZATION_LEVEL = 0;
				GCC_PREPROCESSOR_DEFINITIONS = (
					"DEBUG=1",
					"$(inherited)",
				);
				GCC_WARN_64_TO_32_BIT_CONVERSION = YES;
				GCC_WARN_ABOUT_RETURN_TYPE = YES_ERROR;
				GCC_WARN_UNDECLARED_SELECTOR = YES;
				GCC_WARN_UNINITIALIZED_AUTOS = YES_AGGRESSIVE;
				GCC_WARN_UNUSED_FUNCTION = YES;
				GCC_WARN_UNUSED_VARIABLE = YES;
				IPHONEOS_DEPLOYMENT_TARGET = 10.1;
				MTL_ENABLE_DEBUG_INFO = YES;
				ONLY_ACTIVE_ARCH = YES;
				SDKROOT = iphoneos;
				SWIFT_ACTIVE_COMPILATION_CONDITIONS = DEBUG;
				SWIFT_OPTIMIZATION_LEVEL = "-Onone";
				TARGETED_DEVICE_FAMILY = "1,2";
			};
			name = Debug;
		};
		46EB44321E03E23F009A4CC4 /* Release */ = {
			isa = XCBuildConfiguration;
			buildSettings = {
				ALWAYS_SEARCH_USER_PATHS = NO;
				CLANG_ANALYZER_NONNULL = YES;
				CLANG_CXX_LANGUAGE_STANDARD = "gnu++0x";
				CLANG_CXX_LIBRARY = "libc++";
				CLANG_ENABLE_MODULES = YES;
				CLANG_ENABLE_OBJC_ARC = YES;
				CLANG_WARN_BOOL_CONVERSION = YES;
				CLANG_WARN_CONSTANT_CONVERSION = YES;
				CLANG_WARN_DIRECT_OBJC_ISA_USAGE = YES_ERROR;
				CLANG_WARN_DOCUMENTATION_COMMENTS = YES;
				CLANG_WARN_EMPTY_BODY = YES;
				CLANG_WARN_ENUM_CONVERSION = YES;
				CLANG_WARN_INFINITE_RECURSION = YES;
				CLANG_WARN_INT_CONVERSION = YES;
				CLANG_WARN_OBJC_ROOT_CLASS = YES_ERROR;
				CLANG_WARN_SUSPICIOUS_MOVES = YES;
				CLANG_WARN_UNREACHABLE_CODE = YES;
				CLANG_WARN__DUPLICATE_METHOD_MATCH = YES;
				"CODE_SIGN_IDENTITY[sdk=iphoneos*]" = "iPhone Developer";
				COPY_PHASE_STRIP = NO;
				DEBUG_INFORMATION_FORMAT = "dwarf-with-dsym";
				ENABLE_NS_ASSERTIONS = NO;
				ENABLE_STRICT_OBJC_MSGSEND = YES;
				GCC_C_LANGUAGE_STANDARD = gnu99;
				GCC_NO_COMMON_BLOCKS = YES;
				GCC_WARN_64_TO_32_BIT_CONVERSION = YES;
				GCC_WARN_ABOUT_RETURN_TYPE = YES_ERROR;
				GCC_WARN_UNDECLARED_SELECTOR = YES;
				GCC_WARN_UNINITIALIZED_AUTOS = YES_AGGRESSIVE;
				GCC_WARN_UNUSED_FUNCTION = YES;
				GCC_WARN_UNUSED_VARIABLE = YES;
				IPHONEOS_DEPLOYMENT_TARGET = 10.1;
				MTL_ENABLE_DEBUG_INFO = NO;
				SDKROOT = iphoneos;
				SWIFT_OPTIMIZATION_LEVEL = "-Owholemodule";
				TARGETED_DEVICE_FAMILY = "1,2";
				VALIDATE_PRODUCT = YES;
			};
			name = Release;
		};
		46EB44341E03E23F009A4CC4 /* Debug */ = {
			isa = XCBuildConfiguration;
			baseConfigurationReference = 443E4D3881F0E1FBC8282629 /* Pods-PhilipsHueDemo.debug.xcconfig */;
			buildSettings = {
				ASSETCATALOG_COMPILER_APPICON_NAME = AppIcon;
				DEVELOPMENT_TEAM = 326587HQT3;
				INFOPLIST_FILE = PhilipsHueDemo/Info.plist;
				LD_RUNPATH_SEARCH_PATHS = "$(inherited) @executable_path/Frameworks";
				PRODUCT_BUNDLE_IDENTIFIER = com.senic.PhilipsHueDemo;
				PRODUCT_NAME = "$(TARGET_NAME)";
				SWIFT_VERSION = 3.0;
			};
			name = Debug;
		};
		46EB44351E03E23F009A4CC4 /* Release */ = {
			isa = XCBuildConfiguration;
			baseConfigurationReference = F834DD8CC31677DB36A1FB88 /* Pods-PhilipsHueDemo.release.xcconfig */;
			buildSettings = {
				ASSETCATALOG_COMPILER_APPICON_NAME = AppIcon;
				DEVELOPMENT_TEAM = 326587HQT3;
				INFOPLIST_FILE = PhilipsHueDemo/Info.plist;
				LD_RUNPATH_SEARCH_PATHS = "$(inherited) @executable_path/Frameworks";
				PRODUCT_BUNDLE_IDENTIFIER = com.senic.PhilipsHueDemo;
				PRODUCT_NAME = "$(TARGET_NAME)";
				SWIFT_VERSION = 3.0;
			};
			name = Release;
		};
/* End XCBuildConfiguration section */

/* Begin XCConfigurationList section */
		46EB441C1E03E23F009A4CC4 /* Build configuration list for PBXProject "PhilipsHueDemo" */ = {
			isa = XCConfigurationList;
			buildConfigurations = (
				46EB44311E03E23F009A4CC4 /* Debug */,
				46EB44321E03E23F009A4CC4 /* Release */,
			);
			defaultConfigurationIsVisible = 0;
			defaultConfigurationName = Release;
		};
		46EB44331E03E23F009A4CC4 /* Build configuration list for PBXNativeTarget "PhilipsHueDemo" */ = {
			isa = XCConfigurationList;
			buildConfigurations = (
				46EB44341E03E23F009A4CC4 /* Debug */,
				46EB44351E03E23F009A4CC4 /* Release */,
			);
			defaultConfigurationIsVisible = 0;
			defaultConfigurationName = Release;
		};
/* End XCConfigurationList section */
	};
	rootObject = 46EB44191E03E23F009A4CC4 /* Project object */;
}
